<?xml version="1.0" encoding="utf-8"?>
<Project ToolsVersion="4.0" xmlns="http://schemas.microsoft.com/developer/msbuild/2003">
  <ItemGroup>
    <ClCompile Include="main.cpp" />
    <ClCompile Include="imgui-master\imgui.cpp" />
    <ClCompile Include="imgui-master\imgui_demo.cpp" />
    <ClCompile Include="imgui-master\imgui_draw.cpp" />
    <ClCompile Include="imgui-master\imgui_tables.cpp" />
    <ClCompile Include="imgui-master\imgui_widgets.cpp" />
    <ClCompile Include="imgui-master\backends\imgui_impl_opengl3.cpp" />
    <ClCompile Include="imgui-master\backends\imgui_impl_win32.cpp" />
    <ClCompile Include="CPUsects.cpp" />
    <ClCompile Include="MemoryRAM.cpp" />
  </ItemGroup>
  <ItemGroup>
    <ResourceCompile Include="CPU3300.rc" />
  </ItemGroup>
  <ItemGroup>
    <ClInclude Include="imgui-master\imconfig.h" />
    <ClInclude Include="imgui-master\imgui.h" />
    <ClInclude Include="imgui-master\imgui_internal.h" />
    <ClInclude Include="imgui-master\imstb_rectpack.h" />
    <ClInclude Include="imgui-master\imstb_textedit.h" />
    <ClInclude Include="imgui-master\imstb_truetype.h" />
    <ClInclude Include="imgui-master\backends\imgui_impl_opengl3.h" />
    <ClInclude Include="imgui-master\backends\imgui_impl_opengl3_loader.h" />
    <ClInclude Include="imgui-master\backends\imgui_impl_win32.h" />
    <ClInclude Include="MemoryRAM.h" />
    <ClInclude Include="CPUsects.h" />
    <ClInclude Include="map.h" />
    <ClInclude Include="resource.h" />
  </ItemGroup>
  <ItemGroup>
    <Text Include="example.txt" />
  </ItemGroup>
  <ItemGroup>
    <None Include="imgui.ini" />
    <None Include="CPU3300.APS" />
  </ItemGroup>
</Project>